
Microsoft Visual Studio Solution File, Format Version 12.00
# Visual Studio 2012
Project("{159641D6-6404-4A2A-AE62-294DE0FE8301}") = "OracleExtractJob", "Integration Services Project1\OracleExtractJob.dtproj", "{453577EB-98BC-475E-A5D5-02EA4752B5B8}"
EndProject
Global
	GlobalSection(SolutionConfigurationPlatforms) = preSolution
		Development|Default = Development|Default
	EndGlobalSection
	GlobalSection(ProjectConfigurationPlatforms) = postSolution
		{453577EB-98BC-475E-A5D5-02EA4752B5B8}.Development|Default.ActiveCfg = Development
		{453577EB-98BC-475E-A5D5-02EA4752B5B8}.Development|Default.Build.0 = Development
	EndGlobalSection
	GlobalSection(SolutionProperties) = preSolution
		HideSolutionNode = FALSE
	EndGlobalSection
EndGlobal
